// !$*UTF8*$!
{
	archiveVersion = 1;
	classes = {
	};
	objectVersion = 56;
	objects = {

/* Begin PBXBuildFile section */
		A71A6B7E29B1186000A08976 /* Nuke in Frameworks */ = {isa = PBXBuildFile; productRef = A71A6B7D29B1186000A08976 /* Nuke */; };
		A71A6B8029B1186000A08976 /* NukeExtensions in Frameworks */ = {isa = PBXBuildFile; productRef = A71A6B7F29B1186000A08976 /* NukeExtensions */; };
		A71A6B8629B118AA00A08976 /* StringExtensions.swift in Sources */ = {isa = PBXBuildFile; fileRef = A71A6B8329B118AA00A08976 /* StringExtensions.swift */; };
		A71A6B8729B118AA00A08976 /* UIImageViewExtensions.swift in Sources */ = {isa = PBXBuildFile; fileRef = A71A6B8429B118AA00A08976 /* UIImageViewExtensions.swift */; };
		A71A6B8829B118AA00A08976 /* URLRequestExtensions.swift in Sources */ = {isa = PBXBuildFile; fileRef = A71A6B8529B118AA00A08976 /* URLRequestExtensions.swift */; };
		A71A6B9029B1196D00A08976 /* RequestProtocol.swift in Sources */ = {isa = PBXBuildFile; fileRef = A71A6B8A29B1196D00A08976 /* RequestProtocol.swift */; };
		A71A6B9129B1196D00A08976 /* NetworkProtocol.swift in Sources */ = {isa = PBXBuildFile; fileRef = A71A6B8B29B1196D00A08976 /* NetworkProtocol.swift */; };
		A71A6B9229B1196D00A08976 /* Result.swift in Sources */ = {isa = PBXBuildFile; fileRef = A71A6B8C29B1196D00A08976 /* Result.swift */; };
		A71A6B9329B1196D00A08976 /* URLMethod.swift in Sources */ = {isa = PBXBuildFile; fileRef = A71A6B8D29B1196D00A08976 /* URLMethod.swift */; };
		A71A6B9429B1196D00A08976 /* NetworkRequester.swift in Sources */ = {isa = PBXBuildFile; fileRef = A71A6B8E29B1196D00A08976 /* NetworkRequester.swift */; };
		A71A6B9529B1196D00A08976 /* NetworkError.swift in Sources */ = {isa = PBXBuildFile; fileRef = A71A6B8F29B1196D00A08976 /* NetworkError.swift */; };
		A71A6B9829B11ABC00A08976 /* MatchesListViewController.swift in Sources */ = {isa = PBXBuildFile; fileRef = A71A6B9729B11ABC00A08976 /* MatchesListViewController.swift */; };
		A71A6B9A29B11BDE00A08976 /* UIColorExtensions.swift in Sources */ = {isa = PBXBuildFile; fileRef = A71A6B9929B11BDE00A08976 /* UIColorExtensions.swift */; };
		A71A6B9C29B11C2D00A08976 /* ViewCode.swift in Sources */ = {isa = PBXBuildFile; fileRef = A71A6B9B29B11C2D00A08976 /* ViewCode.swift */; };
		A71A6B9F29B1221E00A08976 /* Match.swift in Sources */ = {isa = PBXBuildFile; fileRef = A71A6B9E29B1221E00A08976 /* Match.swift */; };
		A71A6BA229B125BD00A08976 /* MatchListViewModel.swift in Sources */ = {isa = PBXBuildFile; fileRef = A71A6BA129B125BD00A08976 /* MatchListViewModel.swift */; };
		A71A6BA529B1260400A08976 /* MatchListNetworkRequest.swift in Sources */ = {isa = PBXBuildFile; fileRef = A71A6BA429B1260400A08976 /* MatchListNetworkRequest.swift */; };
		A71A6BA829B1262D00A08976 /* URLConstants.swift in Sources */ = {isa = PBXBuildFile; fileRef = A71A6BA729B1262D00A08976 /* URLConstants.swift */; };
		A71A6BAA29B1289300A08976 /* Constants.swift in Sources */ = {isa = PBXBuildFile; fileRef = A71A6BA929B1289300A08976 /* Constants.swift */; };
		A71A6BAC29B12B3F00A08976 /* FuzeNavigationController.swift in Sources */ = {isa = PBXBuildFile; fileRef = A71A6BAB29B12B3F00A08976 /* FuzeNavigationController.swift */; };
		A71A6BAF29B12FDF00A08976 /* MatchTableViewCell.swift in Sources */ = {isa = PBXBuildFile; fileRef = A71A6BAE29B12FDF00A08976 /* MatchTableViewCell.swift */; };
		A71A6BB729B13B9700A08976 /* UICollectionView+Reusable.swift in Sources */ = {isa = PBXBuildFile; fileRef = A71A6BB129B13B9700A08976 /* UICollectionView+Reusable.swift */; };
		A71A6BB829B13B9700A08976 /* ObjectAssociation.swift in Sources */ = {isa = PBXBuildFile; fileRef = A71A6BB229B13B9700A08976 /* ObjectAssociation.swift */; };
		A71A6BB929B13B9700A08976 /* Reusable.swift in Sources */ = {isa = PBXBuildFile; fileRef = A71A6BB329B13B9700A08976 /* Reusable.swift */; };
		A71A6BBA29B13B9700A08976 /* UITableView+Reusable.swift in Sources */ = {isa = PBXBuildFile; fileRef = A71A6BB429B13B9700A08976 /* UITableView+Reusable.swift */; };
		A71A6BBB29B13B9700A08976 /* NibLoadable.swift in Sources */ = {isa = PBXBuildFile; fileRef = A71A6BB529B13B9700A08976 /* NibLoadable.swift */; };
		A71A6BBC29B13B9700A08976 /* NibOwnerLoadable.swift in Sources */ = {isa = PBXBuildFile; fileRef = A71A6BB629B13B9700A08976 /* NibOwnerLoadable.swift */; };
		A71A6BBE29B150E700A08976 /* DateExtensions.swift in Sources */ = {isa = PBXBuildFile; fileRef = A71A6BBD29B150E700A08976 /* DateExtensions.swift */; };
		A76B491229B116C000712046 /* AppDelegate.swift in Sources */ = {isa = PBXBuildFile; fileRef = A76B491129B116C000712046 /* AppDelegate.swift */; };
		A76B491429B116C000712046 /* SceneDelegate.swift in Sources */ = {isa = PBXBuildFile; fileRef = A76B491329B116C000712046 /* SceneDelegate.swift */; };
		A76B491929B116C000712046 /* Main.storyboard in Resources */ = {isa = PBXBuildFile; fileRef = A76B491729B116C000712046 /* Main.storyboard */; };
		A76B491B29B116C100712046 /* Assets.xcassets in Resources */ = {isa = PBXBuildFile; fileRef = A76B491A29B116C100712046 /* Assets.xcassets */; };
		A76B491E29B116C100712046 /* LaunchScreen.storyboard in Resources */ = {isa = PBXBuildFile; fileRef = A76B491C29B116C100712046 /* LaunchScreen.storyboard */; };
		A76B492929B116C100712046 /* FuzeTests.swift in Sources */ = {isa = PBXBuildFile; fileRef = A76B492829B116C100712046 /* FuzeTests.swift */; };
		A76B493329B116C100712046 /* FuzeUITests.swift in Sources */ = {isa = PBXBuildFile; fileRef = A76B493229B116C100712046 /* FuzeUITests.swift */; };
		A76B493529B116C100712046 /* FuzeUITestsLaunchTests.swift in Sources */ = {isa = PBXBuildFile; fileRef = A76B493429B116C100712046 /* FuzeUITestsLaunchTests.swift */; };
/* End PBXBuildFile section */

/* Begin PBXContainerItemProxy section */
		A76B492529B116C100712046 /* PBXContainerItemProxy */ = {
			isa = PBXContainerItemProxy;
			containerPortal = A76B490629B116C000712046 /* Project object */;
			proxyType = 1;
			remoteGlobalIDString = A76B490D29B116C000712046;
			remoteInfo = Fuze;
		};
		A76B492F29B116C100712046 /* PBXContainerItemProxy */ = {
			isa = PBXContainerItemProxy;
			containerPortal = A76B490629B116C000712046 /* Project object */;
			proxyType = 1;
			remoteGlobalIDString = A76B490D29B116C000712046;
			remoteInfo = Fuze;
		};
/* End PBXContainerItemProxy section */

/* Begin PBXFileReference section */
		A71A6B8329B118AA00A08976 /* StringExtensions.swift */ = {isa = PBXFileReference; fileEncoding = 4; lastKnownFileType = sourcecode.swift; path = StringExtensions.swift; sourceTree = "<group>"; };
		A71A6B8429B118AA00A08976 /* UIImageViewExtensions.swift */ = {isa = PBXFileReference; fileEncoding = 4; lastKnownFileType = sourcecode.swift; path = UIImageViewExtensions.swift; sourceTree = "<group>"; };
		A71A6B8529B118AA00A08976 /* URLRequestExtensions.swift */ = {isa = PBXFileReference; fileEncoding = 4; lastKnownFileType = sourcecode.swift; path = URLRequestExtensions.swift; sourceTree = "<group>"; };
		A71A6B8A29B1196D00A08976 /* RequestProtocol.swift */ = {isa = PBXFileReference; fileEncoding = 4; lastKnownFileType = sourcecode.swift; path = RequestProtocol.swift; sourceTree = "<group>"; };
		A71A6B8B29B1196D00A08976 /* NetworkProtocol.swift */ = {isa = PBXFileReference; fileEncoding = 4; lastKnownFileType = sourcecode.swift; path = NetworkProtocol.swift; sourceTree = "<group>"; };
		A71A6B8C29B1196D00A08976 /* Result.swift */ = {isa = PBXFileReference; fileEncoding = 4; lastKnownFileType = sourcecode.swift; path = Result.swift; sourceTree = "<group>"; };
		A71A6B8D29B1196D00A08976 /* URLMethod.swift */ = {isa = PBXFileReference; fileEncoding = 4; lastKnownFileType = sourcecode.swift; path = URLMethod.swift; sourceTree = "<group>"; };
		A71A6B8E29B1196D00A08976 /* NetworkRequester.swift */ = {isa = PBXFileReference; fileEncoding = 4; lastKnownFileType = sourcecode.swift; path = NetworkRequester.swift; sourceTree = "<group>"; };
		A71A6B8F29B1196D00A08976 /* NetworkError.swift */ = {isa = PBXFileReference; fileEncoding = 4; lastKnownFileType = sourcecode.swift; path = NetworkError.swift; sourceTree = "<group>"; };
		A71A6B9729B11ABC00A08976 /* MatchesListViewController.swift */ = {isa = PBXFileReference; lastKnownFileType = sourcecode.swift; path = MatchesListViewController.swift; sourceTree = "<group>"; };
		A71A6B9929B11BDE00A08976 /* UIColorExtensions.swift */ = {isa = PBXFileReference; lastKnownFileType = sourcecode.swift; path = UIColorExtensions.swift; sourceTree = "<group>"; };
		A71A6B9B29B11C2D00A08976 /* ViewCode.swift */ = {isa = PBXFileReference; lastKnownFileType = sourcecode.swift; path = ViewCode.swift; sourceTree = "<group>"; };
		A71A6B9E29B1221E00A08976 /* Match.swift */ = {isa = PBXFileReference; lastKnownFileType = sourcecode.swift; path = Match.swift; sourceTree = "<group>"; };
		A71A6BA129B125BD00A08976 /* MatchListViewModel.swift */ = {isa = PBXFileReference; lastKnownFileType = sourcecode.swift; path = MatchListViewModel.swift; sourceTree = "<group>"; };
		A71A6BA429B1260400A08976 /* MatchListNetworkRequest.swift */ = {isa = PBXFileReference; lastKnownFileType = sourcecode.swift; path = MatchListNetworkRequest.swift; sourceTree = "<group>"; };
		A71A6BA729B1262D00A08976 /* URLConstants.swift */ = {isa = PBXFileReference; lastKnownFileType = sourcecode.swift; path = URLConstants.swift; sourceTree = "<group>"; };
		A71A6BA929B1289300A08976 /* Constants.swift */ = {isa = PBXFileReference; lastKnownFileType = sourcecode.swift; path = Constants.swift; sourceTree = "<group>"; };
		A71A6BAB29B12B3F00A08976 /* FuzeNavigationController.swift */ = {isa = PBXFileReference; lastKnownFileType = sourcecode.swift; path = FuzeNavigationController.swift; sourceTree = "<group>"; };
		A71A6BAE29B12FDF00A08976 /* MatchTableViewCell.swift */ = {isa = PBXFileReference; lastKnownFileType = sourcecode.swift; path = MatchTableViewCell.swift; sourceTree = "<group>"; };
		A71A6BB129B13B9700A08976 /* UICollectionView+Reusable.swift */ = {isa = PBXFileReference; fileEncoding = 4; lastKnownFileType = sourcecode.swift; path = "UICollectionView+Reusable.swift"; sourceTree = "<group>"; };
		A71A6BB229B13B9700A08976 /* ObjectAssociation.swift */ = {isa = PBXFileReference; fileEncoding = 4; lastKnownFileType = sourcecode.swift; path = ObjectAssociation.swift; sourceTree = "<group>"; };
		A71A6BB329B13B9700A08976 /* Reusable.swift */ = {isa = PBXFileReference; fileEncoding = 4; lastKnownFileType = sourcecode.swift; path = Reusable.swift; sourceTree = "<group>"; };
		A71A6BB429B13B9700A08976 /* UITableView+Reusable.swift */ = {isa = PBXFileReference; fileEncoding = 4; lastKnownFileType = sourcecode.swift; path = "UITableView+Reusable.swift"; sourceTree = "<group>"; };
		A71A6BB529B13B9700A08976 /* NibLoadable.swift */ = {isa = PBXFileReference; fileEncoding = 4; lastKnownFileType = sourcecode.swift; path = NibLoadable.swift; sourceTree = "<group>"; };
		A71A6BB629B13B9700A08976 /* NibOwnerLoadable.swift */ = {isa = PBXFileReference; fileEncoding = 4; lastKnownFileType = sourcecode.swift; path = NibOwnerLoadable.swift; sourceTree = "<group>"; };
		A71A6BBD29B150E700A08976 /* DateExtensions.swift */ = {isa = PBXFileReference; lastKnownFileType = sourcecode.swift; path = DateExtensions.swift; sourceTree = "<group>"; };
		A76B490E29B116C000712046 /* Fuze.app */ = {isa = PBXFileReference; explicitFileType = wrapper.application; includeInIndex = 0; path = Fuze.app; sourceTree = BUILT_PRODUCTS_DIR; };
		A76B491129B116C000712046 /* AppDelegate.swift */ = {isa = PBXFileReference; lastKnownFileType = sourcecode.swift; path = AppDelegate.swift; sourceTree = "<group>"; };
		A76B491329B116C000712046 /* SceneDelegate.swift */ = {isa = PBXFileReference; lastKnownFileType = sourcecode.swift; path = SceneDelegate.swift; sourceTree = "<group>"; };
		A76B491829B116C000712046 /* Base */ = {isa = PBXFileReference; lastKnownFileType = file.storyboard; name = Base; path = Base.lproj/Main.storyboard; sourceTree = "<group>"; };
		A76B491A29B116C100712046 /* Assets.xcassets */ = {isa = PBXFileReference; lastKnownFileType = folder.assetcatalog; path = Assets.xcassets; sourceTree = "<group>"; };
		A76B491D29B116C100712046 /* Base */ = {isa = PBXFileReference; lastKnownFileType = file.storyboard; name = Base; path = Base.lproj/LaunchScreen.storyboard; sourceTree = "<group>"; };
		A76B491F29B116C100712046 /* Info.plist */ = {isa = PBXFileReference; lastKnownFileType = text.plist.xml; path = Info.plist; sourceTree = "<group>"; };
		A76B492429B116C100712046 /* FuzeTests.xctest */ = {isa = PBXFileReference; explicitFileType = wrapper.cfbundle; includeInIndex = 0; path = FuzeTests.xctest; sourceTree = BUILT_PRODUCTS_DIR; };
		A76B492829B116C100712046 /* FuzeTests.swift */ = {isa = PBXFileReference; lastKnownFileType = sourcecode.swift; path = FuzeTests.swift; sourceTree = "<group>"; };
		A76B492E29B116C100712046 /* FuzeUITests.xctest */ = {isa = PBXFileReference; explicitFileType = wrapper.cfbundle; includeInIndex = 0; path = FuzeUITests.xctest; sourceTree = BUILT_PRODUCTS_DIR; };
		A76B493229B116C100712046 /* FuzeUITests.swift */ = {isa = PBXFileReference; lastKnownFileType = sourcecode.swift; path = FuzeUITests.swift; sourceTree = "<group>"; };
		A76B493429B116C100712046 /* FuzeUITestsLaunchTests.swift */ = {isa = PBXFileReference; lastKnownFileType = sourcecode.swift; path = FuzeUITestsLaunchTests.swift; sourceTree = "<group>"; };
/* End PBXFileReference section */

/* Begin PBXFrameworksBuildPhase section */
		A76B490B29B116C000712046 /* Frameworks */ = {
			isa = PBXFrameworksBuildPhase;
			buildActionMask = 2147483647;
			files = (
				A71A6B7E29B1186000A08976 /* Nuke in Frameworks */,
				A71A6B8029B1186000A08976 /* NukeExtensions in Frameworks */,
			);
			runOnlyForDeploymentPostprocessing = 0;
		};
		A76B492129B116C100712046 /* Frameworks */ = {
			isa = PBXFrameworksBuildPhase;
			buildActionMask = 2147483647;
			files = (
			);
			runOnlyForDeploymentPostprocessing = 0;
		};
		A76B492B29B116C100712046 /* Frameworks */ = {
			isa = PBXFrameworksBuildPhase;
			buildActionMask = 2147483647;
			files = (
			);
			runOnlyForDeploymentPostprocessing = 0;
		};
/* End PBXFrameworksBuildPhase section */

/* Begin PBXGroup section */
		A71A6B8229B1188F00A08976 /* Extensions */ = {
			isa = PBXGroup;
			children = (
				A71A6B8329B118AA00A08976 /* StringExtensions.swift */,
				A71A6B8429B118AA00A08976 /* UIImageViewExtensions.swift */,
				A71A6B8529B118AA00A08976 /* URLRequestExtensions.swift */,
				A71A6B9929B11BDE00A08976 /* UIColorExtensions.swift */,
				A71A6BBD29B150E700A08976 /* DateExtensions.swift */,
			);
			path = Extensions;
			sourceTree = "<group>";
		};
		A71A6B8929B1195400A08976 /* Networking */ = {
			isa = PBXGroup;
			children = (
				A71A6B8F29B1196D00A08976 /* NetworkError.swift */,
				A71A6B8B29B1196D00A08976 /* NetworkProtocol.swift */,
				A71A6B8E29B1196D00A08976 /* NetworkRequester.swift */,
				A71A6B8A29B1196D00A08976 /* RequestProtocol.swift */,
				A71A6B8C29B1196D00A08976 /* Result.swift */,
				A71A6B8D29B1196D00A08976 /* URLMethod.swift */,
			);
			path = Networking;
			sourceTree = "<group>";
		};
		A71A6B9629B11A9100A08976 /* ViewControllers */ = {
			isa = PBXGroup;
			children = (
				A71A6B9729B11ABC00A08976 /* MatchesListViewController.swift */,
			);
			path = ViewControllers;
			sourceTree = "<group>";
		};
		A71A6B9D29B1220600A08976 /* Models */ = {
			isa = PBXGroup;
			children = (
				A71A6B9E29B1221E00A08976 /* Match.swift */,
			);
			path = Models;
			sourceTree = "<group>";
		};
		A71A6BA029B125A800A08976 /* ViewModels */ = {
			isa = PBXGroup;
			children = (
				A71A6BA129B125BD00A08976 /* MatchListViewModel.swift */,
			);
			path = ViewModels;
			sourceTree = "<group>";
		};
		A71A6BA329B125F100A08976 /* NetworkRequests */ = {
			isa = PBXGroup;
			children = (
				A71A6BA429B1260400A08976 /* MatchListNetworkRequest.swift */,
			);
			path = NetworkRequests;
			sourceTree = "<group>";
		};
		A71A6BA629B1260800A08976 /* Constants */ = {
			isa = PBXGroup;
			children = (
				A71A6BA729B1262D00A08976 /* URLConstants.swift */,
				A71A6BA929B1289300A08976 /* Constants.swift */,
			);
			path = Constants;
			sourceTree = "<group>";
		};
		A71A6BAD29B12DC500A08976 /* Cells */ = {
			isa = PBXGroup;
			children = (
				A71A6BAE29B12FDF00A08976 /* MatchTableViewCell.swift */,
			);
			path = Cells;
			sourceTree = "<group>";
		};
		A71A6BB029B13B9700A08976 /* Reusable */ = {
			isa = PBXGroup;
			children = (
				A71A6BB129B13B9700A08976 /* UICollectionView+Reusable.swift */,
				A71A6BB229B13B9700A08976 /* ObjectAssociation.swift */,
				A71A6BB329B13B9700A08976 /* Reusable.swift */,
				A71A6BB429B13B9700A08976 /* UITableView+Reusable.swift */,
				A71A6BB529B13B9700A08976 /* NibLoadable.swift */,
				A71A6BB629B13B9700A08976 /* NibOwnerLoadable.swift */,
			);
			path = Reusable;
			sourceTree = "<group>";
		};
		A76B490529B116C000712046 = {
			isa = PBXGroup;
			children = (
				A76B491029B116C000712046 /* Fuze */,
				A76B492729B116C100712046 /* FuzeTests */,
				A76B493129B116C100712046 /* FuzeUITests */,
				A76B490F29B116C000712046 /* Products */,
			);
			sourceTree = "<group>";
		};
		A76B490F29B116C000712046 /* Products */ = {
			isa = PBXGroup;
			children = (
				A76B490E29B116C000712046 /* Fuze.app */,
				A76B492429B116C100712046 /* FuzeTests.xctest */,
				A76B492E29B116C100712046 /* FuzeUITests.xctest */,
			);
			name = Products;
			sourceTree = "<group>";
		};
		A76B491029B116C000712046 /* Fuze */ = {
			isa = PBXGroup;
			children = (
				A71A6BA629B1260800A08976 /* Constants */,
				A71A6BA329B125F100A08976 /* NetworkRequests */,
				A71A6BA029B125A800A08976 /* ViewModels */,
				A71A6B9629B11A9100A08976 /* ViewControllers */,
				A71A6BAD29B12DC500A08976 /* Cells */,
				A71A6B9D29B1220600A08976 /* Models */,
				A71A6B8929B1195400A08976 /* Networking */,
				A71A6B8229B1188F00A08976 /* Extensions */,
				A71A6BB029B13B9700A08976 /* Reusable */,
				A71A6BAB29B12B3F00A08976 /* FuzeNavigationController.swift */,
				A71A6B9B29B11C2D00A08976 /* ViewCode.swift */,
				A76B491129B116C000712046 /* AppDelegate.swift */,
				A76B491329B116C000712046 /* SceneDelegate.swift */,
				A76B491729B116C000712046 /* Main.storyboard */,
				A76B491A29B116C100712046 /* Assets.xcassets */,
				A76B491C29B116C100712046 /* LaunchScreen.storyboard */,
				A76B491F29B116C100712046 /* Info.plist */,
			);
			path = Fuze;
			sourceTree = "<group>";
		};
		A76B492729B116C100712046 /* FuzeTests */ = {
			isa = PBXGroup;
			children = (
				A76B492829B116C100712046 /* FuzeTests.swift */,
			);
			path = FuzeTests;
			sourceTree = "<group>";
		};
		A76B493129B116C100712046 /* FuzeUITests */ = {
			isa = PBXGroup;
			children = (
				A76B493229B116C100712046 /* FuzeUITests.swift */,
				A76B493429B116C100712046 /* FuzeUITestsLaunchTests.swift */,
			);
			path = FuzeUITests;
			sourceTree = "<group>";
		};
/* End PBXGroup section */

/* Begin PBXNativeTarget section */
		A76B490D29B116C000712046 /* Fuze */ = {
			isa = PBXNativeTarget;
			buildConfigurationList = A76B493829B116C100712046 /* Build configuration list for PBXNativeTarget "Fuze" */;
			buildPhases = (
				A76B490A29B116C000712046 /* Sources */,
				A76B490B29B116C000712046 /* Frameworks */,
				A76B490C29B116C000712046 /* Resources */,
			);
			buildRules = (
			);
			dependencies = (
			);
			name = Fuze;
			packageProductDependencies = (
				A71A6B7D29B1186000A08976 /* Nuke */,
				A71A6B7F29B1186000A08976 /* NukeExtensions */,
			);
			productName = Fuze;
			productReference = A76B490E29B116C000712046 /* Fuze.app */;
			productType = "com.apple.product-type.application";
		};
		A76B492329B116C100712046 /* FuzeTests */ = {
			isa = PBXNativeTarget;
			buildConfigurationList = A76B493B29B116C100712046 /* Build configuration list for PBXNativeTarget "FuzeTests" */;
			buildPhases = (
				A76B492029B116C100712046 /* Sources */,
				A76B492129B116C100712046 /* Frameworks */,
				A76B492229B116C100712046 /* Resources */,
			);
			buildRules = (
			);
			dependencies = (
				A76B492629B116C100712046 /* PBXTargetDependency */,
			);
			name = FuzeTests;
			productName = FuzeTests;
			productReference = A76B492429B116C100712046 /* FuzeTests.xctest */;
			productType = "com.apple.product-type.bundle.unit-test";
		};
		A76B492D29B116C100712046 /* FuzeUITests */ = {
			isa = PBXNativeTarget;
			buildConfigurationList = A76B493E29B116C100712046 /* Build configuration list for PBXNativeTarget "FuzeUITests" */;
			buildPhases = (
				A76B492A29B116C100712046 /* Sources */,
				A76B492B29B116C100712046 /* Frameworks */,
				A76B492C29B116C100712046 /* Resources */,
			);
			buildRules = (
			);
			dependencies = (
				A76B493029B116C100712046 /* PBXTargetDependency */,
			);
			name = FuzeUITests;
			productName = FuzeUITests;
			productReference = A76B492E29B116C100712046 /* FuzeUITests.xctest */;
			productType = "com.apple.product-type.bundle.ui-testing";
		};
/* End PBXNativeTarget section */

/* Begin PBXProject section */
		A76B490629B116C000712046 /* Project object */ = {
			isa = PBXProject;
			attributes = {
				BuildIndependentTargetsInParallel = 1;
				LastSwiftUpdateCheck = 1420;
				LastUpgradeCheck = 1420;
				TargetAttributes = {
					A76B490D29B116C000712046 = {
						CreatedOnToolsVersion = 14.2;
					};
					A76B492329B116C100712046 = {
						CreatedOnToolsVersion = 14.2;
						TestTargetID = A76B490D29B116C000712046;
					};
					A76B492D29B116C100712046 = {
						CreatedOnToolsVersion = 14.2;
						TestTargetID = A76B490D29B116C000712046;
					};
				};
			};
			buildConfigurationList = A76B490929B116C000712046 /* Build configuration list for PBXProject "Fuze" */;
			compatibilityVersion = "Xcode 14.0";
			developmentRegion = en;
			hasScannedForEncodings = 0;
			knownRegions = (
				en,
				Base,
			);
			mainGroup = A76B490529B116C000712046;
			packageReferences = (
				A71A6B7C29B1186000A08976 /* XCRemoteSwiftPackageReference "Nuke" */,
			);
			productRefGroup = A76B490F29B116C000712046 /* Products */;
			projectDirPath = "";
			projectRoot = "";
			targets = (
				A76B490D29B116C000712046 /* Fuze */,
				A76B492329B116C100712046 /* FuzeTests */,
				A76B492D29B116C100712046 /* FuzeUITests */,
			);
		};
/* End PBXProject section */

/* Begin PBXResourcesBuildPhase section */
		A76B490C29B116C000712046 /* Resources */ = {
			isa = PBXResourcesBuildPhase;
			buildActionMask = 2147483647;
			files = (
				A76B491E29B116C100712046 /* LaunchScreen.storyboard in Resources */,
				A76B491B29B116C100712046 /* Assets.xcassets in Resources */,
				A76B491929B116C000712046 /* Main.storyboard in Resources */,
			);
			runOnlyForDeploymentPostprocessing = 0;
		};
		A76B492229B116C100712046 /* Resources */ = {
			isa = PBXResourcesBuildPhase;
			buildActionMask = 2147483647;
			files = (
			);
			runOnlyForDeploymentPostprocessing = 0;
		};
		A76B492C29B116C100712046 /* Resources */ = {
			isa = PBXResourcesBuildPhase;
			buildActionMask = 2147483647;
			files = (
			);
			runOnlyForDeploymentPostprocessing = 0;
		};
/* End PBXResourcesBuildPhase section */

/* Begin PBXSourcesBuildPhase section */
		A76B490A29B116C000712046 /* Sources */ = {
			isa = PBXSourcesBuildPhase;
			buildActionMask = 2147483647;
			files = (
				A71A6B9429B1196D00A08976 /* NetworkRequester.swift in Sources */,
				A71A6BAA29B1289300A08976 /* Constants.swift in Sources */,
				A71A6BA529B1260400A08976 /* MatchListNetworkRequest.swift in Sources */,
				A71A6B9229B1196D00A08976 /* Result.swift in Sources */,
				A71A6B9A29B11BDE00A08976 /* UIColorExtensions.swift in Sources */,
				A71A6BBA29B13B9700A08976 /* UITableView+Reusable.swift in Sources */,
				A71A6B9C29B11C2D00A08976 /* ViewCode.swift in Sources */,
				A71A6B8629B118AA00A08976 /* StringExtensions.swift in Sources */,
				A71A6BB829B13B9700A08976 /* ObjectAssociation.swift in Sources */,
				A71A6BAF29B12FDF00A08976 /* MatchTableViewCell.swift in Sources */,
				A71A6BAC29B12B3F00A08976 /* FuzeNavigationController.swift in Sources */,
				A71A6BBB29B13B9700A08976 /* NibLoadable.swift in Sources */,
				A71A6B9329B1196D00A08976 /* URLMethod.swift in Sources */,
				A71A6B8829B118AA00A08976 /* URLRequestExtensions.swift in Sources */,
				A71A6BB929B13B9700A08976 /* Reusable.swift in Sources */,
				A76B491229B116C000712046 /* AppDelegate.swift in Sources */,
				A71A6BA229B125BD00A08976 /* MatchListViewModel.swift in Sources */,
				A71A6BB729B13B9700A08976 /* UICollectionView+Reusable.swift in Sources */,
				A71A6B9F29B1221E00A08976 /* Match.swift in Sources */,
				A71A6BBC29B13B9700A08976 /* NibOwnerLoadable.swift in Sources */,
				A71A6B9129B1196D00A08976 /* NetworkProtocol.swift in Sources */,
				A71A6BBE29B150E700A08976 /* DateExtensions.swift in Sources */,
				A71A6B8729B118AA00A08976 /* UIImageViewExtensions.swift in Sources */,
				A71A6B9529B1196D00A08976 /* NetworkError.swift in Sources */,
				A76B491429B116C000712046 /* SceneDelegate.swift in Sources */,
				A71A6BA829B1262D00A08976 /* URLConstants.swift in Sources */,
				A71A6B9829B11ABC00A08976 /* MatchesListViewController.swift in Sources */,
				A71A6B9029B1196D00A08976 /* RequestProtocol.swift in Sources */,
			);
			runOnlyForDeploymentPostprocessing = 0;
		};
		A76B492029B116C100712046 /* Sources */ = {
			isa = PBXSourcesBuildPhase;
			buildActionMask = 2147483647;
			files = (
				A76B492929B116C100712046 /* FuzeTests.swift in Sources */,
			);
			runOnlyForDeploymentPostprocessing = 0;
		};
		A76B492A29B116C100712046 /* Sources */ = {
			isa = PBXSourcesBuildPhase;
			buildActionMask = 2147483647;
			files = (
				A76B493529B116C100712046 /* FuzeUITestsLaunchTests.swift in Sources */,
				A76B493329B116C100712046 /* FuzeUITests.swift in Sources */,
			);
			runOnlyForDeploymentPostprocessing = 0;
		};
/* End PBXSourcesBuildPhase section */

/* Begin PBXTargetDependency section */
		A76B492629B116C100712046 /* PBXTargetDependency */ = {
			isa = PBXTargetDependency;
			target = A76B490D29B116C000712046 /* Fuze */;
			targetProxy = A76B492529B116C100712046 /* PBXContainerItemProxy */;
		};
		A76B493029B116C100712046 /* PBXTargetDependency */ = {
			isa = PBXTargetDependency;
			target = A76B490D29B116C000712046 /* Fuze */;
			targetProxy = A76B492F29B116C100712046 /* PBXContainerItemProxy */;
		};
/* End PBXTargetDependency section */

/* Begin PBXVariantGroup section */
		A76B491729B116C000712046 /* Main.storyboard */ = {
			isa = PBXVariantGroup;
			children = (
				A76B491829B116C000712046 /* Base */,
			);
			name = Main.storyboard;
			sourceTree = "<group>";
		};
		A76B491C29B116C100712046 /* LaunchScreen.storyboard */ = {
			isa = PBXVariantGroup;
			children = (
				A76B491D29B116C100712046 /* Base */,
			);
			name = LaunchScreen.storyboard;
			sourceTree = "<group>";
		};
/* End PBXVariantGroup section */

/* Begin XCBuildConfiguration section */
		A76B493629B116C100712046 /* Debug */ = {
			isa = XCBuildConfiguration;
			buildSettings = {
				ALWAYS_SEARCH_USER_PATHS = NO;
				CLANG_ANALYZER_NONNULL = YES;
				CLANG_ANALYZER_NUMBER_OBJECT_CONVERSION = YES_AGGRESSIVE;
				CLANG_CXX_LANGUAGE_STANDARD = "gnu++20";
				CLANG_ENABLE_MODULES = YES;
				CLANG_ENABLE_OBJC_ARC = YES;
				CLANG_ENABLE_OBJC_WEAK = YES;
				CLANG_WARN_BLOCK_CAPTURE_AUTORELEASING = YES;
				CLANG_WARN_BOOL_CONVERSION = YES;
				CLANG_WARN_COMMA = YES;
				CLANG_WARN_CONSTANT_CONVERSION = YES;
				CLANG_WARN_DEPRECATED_OBJC_IMPLEMENTATIONS = YES;
				CLANG_WARN_DIRECT_OBJC_ISA_USAGE = YES_ERROR;
				CLANG_WARN_DOCUMENTATION_COMMENTS = YES;
				CLANG_WARN_EMPTY_BODY = YES;
				CLANG_WARN_ENUM_CONVERSION = YES;
				CLANG_WARN_INFINITE_RECURSION = YES;
				CLANG_WARN_INT_CONVERSION = YES;
				CLANG_WARN_NON_LITERAL_NULL_CONVERSION = YES;
				CLANG_WARN_OBJC_IMPLICIT_RETAIN_SELF = YES;
				CLANG_WARN_OBJC_LITERAL_CONVERSION = YES;
				CLANG_WARN_OBJC_ROOT_CLASS = YES_ERROR;
				CLANG_WARN_QUOTED_INCLUDE_IN_FRAMEWORK_HEADER = YES;
				CLANG_WARN_RANGE_LOOP_ANALYSIS = YES;
				CLANG_WARN_STRICT_PROTOTYPES = YES;
				CLANG_WARN_SUSPICIOUS_MOVE = YES;
				CLANG_WARN_UNGUARDED_AVAILABILITY = YES_AGGRESSIVE;
				CLANG_WARN_UNREACHABLE_CODE = YES;
				CLANG_WARN__DUPLICATE_METHOD_MATCH = YES;
				COPY_PHASE_STRIP = NO;
				DEBUG_INFORMATION_FORMAT = dwarf;
				ENABLE_STRICT_OBJC_MSGSEND = YES;
				ENABLE_TESTABILITY = YES;
				GCC_C_LANGUAGE_STANDARD = gnu11;
				GCC_DYNAMIC_NO_PIC = NO;
				GCC_NO_COMMON_BLOCKS = YES;
				GCC_OPTIMIZATION_LEVEL = 0;
				GCC_PREPROCESSOR_DEFINITIONS = (
					"DEBUG=1",
					"$(inherited)",
				);
				GCC_WARN_64_TO_32_BIT_CONVERSION = YES;
				GCC_WARN_ABOUT_RETURN_TYPE = YES_ERROR;
				GCC_WARN_UNDECLARED_SELECTOR = YES;
				GCC_WARN_UNINITIALIZED_AUTOS = YES_AGGRESSIVE;
				GCC_WARN_UNUSED_FUNCTION = YES;
				GCC_WARN_UNUSED_VARIABLE = YES;
				IPHONEOS_DEPLOYMENT_TARGET = 16.2;
				MTL_ENABLE_DEBUG_INFO = INCLUDE_SOURCE;
				MTL_FAST_MATH = YES;
				ONLY_ACTIVE_ARCH = YES;
				SDKROOT = iphoneos;
				SWIFT_ACTIVE_COMPILATION_CONDITIONS = DEBUG;
				SWIFT_OPTIMIZATION_LEVEL = "-Onone";
			};
			name = Debug;
		};
		A76B493729B116C100712046 /* Release */ = {
			isa = XCBuildConfiguration;
			buildSettings = {
				ALWAYS_SEARCH_USER_PATHS = NO;
				CLANG_ANALYZER_NONNULL = YES;
				CLANG_ANALYZER_NUMBER_OBJECT_CONVERSION = YES_AGGRESSIVE;
				CLANG_CXX_LANGUAGE_STANDARD = "gnu++20";
				CLANG_ENABLE_MODULES = YES;
				CLANG_ENABLE_OBJC_ARC = YES;
				CLANG_ENABLE_OBJC_WEAK = YES;
				CLANG_WARN_BLOCK_CAPTURE_AUTORELEASING = YES;
				CLANG_WARN_BOOL_CONVERSION = YES;
				CLANG_WARN_COMMA = YES;
				CLANG_WARN_CONSTANT_CONVERSION = YES;
				CLANG_WARN_DEPRECATED_OBJC_IMPLEMENTATIONS = YES;
				CLANG_WARN_DIRECT_OBJC_ISA_USAGE = YES_ERROR;
				CLANG_WARN_DOCUMENTATION_COMMENTS = YES;
				CLANG_WARN_EMPTY_BODY = YES;
				CLANG_WARN_ENUM_CONVERSION = YES;
				CLANG_WARN_INFINITE_RECURSION = YES;
				CLANG_WARN_INT_CONVERSION = YES;
				CLANG_WARN_NON_LITERAL_NULL_CONVERSION = YES;
				CLANG_WARN_OBJC_IMPLICIT_RETAIN_SELF = YES;
				CLANG_WARN_OBJC_LITERAL_CONVERSION = YES;
				CLANG_WARN_OBJC_ROOT_CLASS = YES_ERROR;
				CLANG_WARN_QUOTED_INCLUDE_IN_FRAMEWORK_HEADER = YES;
				CLANG_WARN_RANGE_LOOP_ANALYSIS = YES;
				CLANG_WARN_STRICT_PROTOTYPES = YES;
				CLANG_WARN_SUSPICIOUS_MOVE = YES;
				CLANG_WARN_UNGUARDED_AVAILABILITY = YES_AGGRESSIVE;
				CLANG_WARN_UNREACHABLE_CODE = YES;
				CLANG_WARN__DUPLICATE_METHOD_MATCH = YES;
				COPY_PHASE_STRIP = NO;
				DEBUG_INFORMATION_FORMAT = "dwarf-with-dsym";
				ENABLE_NS_ASSERTIONS = NO;
				ENABLE_STRICT_OBJC_MSGSEND = YES;
				GCC_C_LANGUAGE_STANDARD = gnu11;
				GCC_NO_COMMON_BLOCKS = YES;
				GCC_WARN_64_TO_32_BIT_CONVERSION = YES;
				GCC_WARN_ABOUT_RETURN_TYPE = YES_ERROR;
				GCC_WARN_UNDECLARED_SELECTOR = YES;
				GCC_WARN_UNINITIALIZED_AUTOS = YES_AGGRESSIVE;
				GCC_WARN_UNUSED_FUNCTION = YES;
				GCC_WARN_UNUSED_VARIABLE = YES;
				IPHONEOS_DEPLOYMENT_TARGET = 16.2;
				MTL_ENABLE_DEBUG_INFO = NO;
				MTL_FAST_MATH = YES;
				SDKROOT = iphoneos;
				SWIFT_COMPILATION_MODE = wholemodule;
				SWIFT_OPTIMIZATION_LEVEL = "-O";
				VALIDATE_PRODUCT = YES;
			};
			name = Release;
		};
		A76B493929B116C100712046 /* Debug */ = {
			isa = XCBuildConfiguration;
			buildSettings = {
				ASSETCATALOG_COMPILER_APPICON_NAME = AppIcon;
				ASSETCATALOG_COMPILER_GLOBAL_ACCENT_COLOR_NAME = AccentColor;
				CODE_SIGN_STYLE = Automatic;
				CURRENT_PROJECT_VERSION = 1;
				DEVELOPMENT_TEAM = Z9AJS45MZ8;
				GENERATE_INFOPLIST_FILE = YES;
				INFOPLIST_FILE = Fuze/Info.plist;
				INFOPLIST_KEY_UIApplicationSupportsIndirectInputEvents = YES;
				INFOPLIST_KEY_UILaunchStoryboardName = LaunchScreen;
				INFOPLIST_KEY_UIMainStoryboardFile = Main;
				INFOPLIST_KEY_UISupportedInterfaceOrientations_iPad = "UIInterfaceOrientationPortrait UIInterfaceOrientationPortraitUpsideDown UIInterfaceOrientationLandscapeLeft UIInterfaceOrientationLandscapeRight";
				INFOPLIST_KEY_UISupportedInterfaceOrientations_iPhone = "UIInterfaceOrientationPortrait UIInterfaceOrientationLandscapeLeft UIInterfaceOrientationLandscapeRight";
				LD_RUNPATH_SEARCH_PATHS = (
					"$(inherited)",
					"@executable_path/Frameworks",
				);
				MARKETING_VERSION = 1.0;
				PRODUCT_BUNDLE_IDENTIFIER = com.leonardo.Fuze;
				PRODUCT_NAME = "$(TARGET_NAME)";
				SWIFT_EMIT_LOC_STRINGS = YES;
				SWIFT_VERSION = 5.0;
				TARGETED_DEVICE_FAMILY = "1,2";
			};
			name = Debug;
		};
		A76B493A29B116C100712046 /* Release */ = {
			isa = XCBuildConfiguration;
			buildSettings = {
				ASSETCATALOG_COMPILER_APPICON_NAME = AppIcon;
				ASSETCATALOG_COMPILER_GLOBAL_ACCENT_COLOR_NAME = AccentColor;
				CODE_SIGN_STYLE = Automatic;
				CURRENT_PROJECT_VERSION = 1;
				DEVELOPMENT_TEAM = Z9AJS45MZ8;
				GENERATE_INFOPLIST_FILE = YES;
				INFOPLIST_FILE = Fuze/Info.plist;
				INFOPLIST_KEY_UIApplicationSupportsIndirectInputEvents = YES;
				INFOPLIST_KEY_UILaunchStoryboardName = LaunchScreen;
				INFOPLIST_KEY_UIMainStoryboardFile = Main;
				INFOPLIST_KEY_UISupportedInterfaceOrientations_iPad = "UIInterfaceOrientationPortrait UIInterfaceOrientationPortraitUpsideDown UIInterfaceOrientationLandscapeLeft UIInterfaceOrientationLandscapeRight";
				INFOPLIST_KEY_UISupportedInterfaceOrientations_iPhone = "UIInterfaceOrientationPortrait UIInterfaceOrientationLandscapeLeft UIInterfaceOrientationLandscapeRight";
				LD_RUNPATH_SEARCH_PATHS = (
					"$(inherited)",
					"@executable_path/Frameworks",
				);
				MARKETING_VERSION = 1.0;
				PRODUCT_BUNDLE_IDENTIFIER = com.leonardo.Fuze;
				PRODUCT_NAME = "$(TARGET_NAME)";
				SWIFT_EMIT_LOC_STRINGS = YES;
				SWIFT_VERSION = 5.0;
				TARGETED_DEVICE_FAMILY = "1,2";
			};
			name = Release;
		};
		A76B493C29B116C100712046 /* Debug */ = {
			isa = XCBuildConfiguration;
			buildSettings = {
				ALWAYS_EMBED_SWIFT_STANDARD_LIBRARIES = YES;
				BUNDLE_LOADER = "$(TEST_HOST)";
				CODE_SIGN_STYLE = Automatic;
				CURRENT_PROJECT_VERSION = 1;
				DEVELOPMENT_TEAM = Z9AJS45MZ8;
				GENERATE_INFOPLIST_FILE = YES;
				IPHONEOS_DEPLOYMENT_TARGET = 16.2;
				MARKETING_VERSION = 1.0;
				PRODUCT_BUNDLE_IDENTIFIER = com.leonardo.FuzeTests;
				PRODUCT_NAME = "$(TARGET_NAME)";
				SWIFT_EMIT_LOC_STRINGS = NO;
				SWIFT_VERSION = 5.0;
				TARGETED_DEVICE_FAMILY = "1,2";
				TEST_HOST = "$(BUILT_PRODUCTS_DIR)/Fuze.app/$(BUNDLE_EXECUTABLE_FOLDER_PATH)/Fuze";
			};
			name = Debug;
		};
		A76B493D29B116C100712046 /* Release */ = {
			isa = XCBuildConfiguration;
			buildSettings = {
				ALWAYS_EMBED_SWIFT_STANDARD_LIBRARIES = YES;
				BUNDLE_LOADER = "$(TEST_HOST)";
				CODE_SIGN_STYLE = Automatic;
				CURRENT_PROJECT_VERSION = 1;
				DEVELOPMENT_TEAM = Z9AJS45MZ8;
				GENERATE_INFOPLIST_FILE = YES;
				IPHONEOS_DEPLOYMENT_TARGET = 16.2;
				MARKETING_VERSION = 1.0;
				PRODUCT_BUNDLE_IDENTIFIER = com.leonardo.FuzeTests;
				PRODUCT_NAME = "$(TARGET_NAME)";
				SWIFT_EMIT_LOC_STRINGS = NO;
				SWIFT_VERSION = 5.0;
				TARGETED_DEVICE_FAMILY = "1,2";
				TEST_HOST = "$(BUILT_PRODUCTS_DIR)/Fuze.app/$(BUNDLE_EXECUTABLE_FOLDER_PATH)/Fuze";
			};
			name = Release;
		};
		A76B493F29B116C100712046 /* Debug */ = {
			isa = XCBuildConfiguration;
			buildSettings = {
				ALWAYS_EMBED_SWIFT_STANDARD_LIBRARIES = YES;
				CODE_SIGN_STYLE = Automatic;
				CURRENT_PROJECT_VERSION = 1;
				DEVELOPMENT_TEAM = Z9AJS45MZ8;
				GENERATE_INFOPLIST_FILE = YES;
				MARKETING_VERSION = 1.0;
				PRODUCT_BUNDLE_IDENTIFIER = com.leonardo.FuzeUITests;
				PRODUCT_NAME = "$(TARGET_NAME)";
				SWIFT_EMIT_LOC_STRINGS = NO;
				SWIFT_VERSION = 5.0;
				TARGETED_DEVICE_FAMILY = "1,2";
				TEST_TARGET_NAME = Fuze;
			};
			name = Debug;
		};
		A76B494029B116C100712046 /* Release */ = {
			isa = XCBuildConfiguration;
			buildSettings = {
				ALWAYS_EMBED_SWIFT_STANDARD_LIBRARIES = YES;
				CODE_SIGN_STYLE = Automatic;
				CURRENT_PROJECT_VERSION = 1;
				DEVELOPMENT_TEAM = Z9AJS45MZ8;
				GENERATE_INFOPLIST_FILE = YES;
				MARKETING_VERSION = 1.0;
				PRODUCT_BUNDLE_IDENTIFIER = com.leonardo.FuzeUITests;
				PRODUCT_NAME = "$(TARGET_NAME)";
				SWIFT_EMIT_LOC_STRINGS = NO;
				SWIFT_VERSION = 5.0;
				TARGETED_DEVICE_FAMILY = "1,2";
				TEST_TARGET_NAME = Fuze;
			};
			name = Release;
		};
/* End XCBuildConfiguration section */

/* Begin XCConfigurationList section */
		A76B490929B116C000712046 /* Build configuration list for PBXProject "Fuze" */ = {
			isa = XCConfigurationList;
			buildConfigurations = (
				A76B493629B116C100712046 /* Debug */,
				A76B493729B116C100712046 /* Release */,
			);
			defaultConfigurationIsVisible = 0;
			defaultConfigurationName = Release;
		};
		A76B493829B116C100712046 /* Build configuration list for PBXNativeTarget "Fuze" */ = {
			isa = XCConfigurationList;
			buildConfigurations = (
				A76B493929B116C100712046 /* Debug */,
				A76B493A29B116C100712046 /* Release */,
			);
			defaultConfigurationIsVisible = 0;
			defaultConfigurationName = Release;
		};
		A76B493B29B116C100712046 /* Build configuration list for PBXNativeTarget "FuzeTests" */ = {
			isa = XCConfigurationList;
			buildConfigurations = (
				A76B493C29B116C100712046 /* Debug */,
				A76B493D29B116C100712046 /* Release */,
			);
			defaultConfigurationIsVisible = 0;
			defaultConfigurationName = Release;
		};
		A76B493E29B116C100712046 /* Build configuration list for PBXNativeTarget "FuzeUITests" */ = {
			isa = XCConfigurationList;
			buildConfigurations = (
				A76B493F29B116C100712046 /* Debug */,
				A76B494029B116C100712046 /* Release */,
			);
			defaultConfigurationIsVisible = 0;
			defaultConfigurationName = Release;
		};
/* End XCConfigurationList section */

/* Begin XCRemoteSwiftPackageReference section */
		A71A6B7C29B1186000A08976 /* XCRemoteSwiftPackageReference "Nuke" */ = {
			isa = XCRemoteSwiftPackageReference;
			repositoryURL = "https://github.com/kean/Nuke";
			requirement = {
				kind = exactVersion;
				version = 11.6.4;
			};
		};
/* End XCRemoteSwiftPackageReference section */

/* Begin XCSwiftPackageProductDependency section */
		A71A6B7D29B1186000A08976 /* Nuke */ = {
			isa = XCSwiftPackageProductDependency;
			package = A71A6B7C29B1186000A08976 /* XCRemoteSwiftPackageReference "Nuke" */;
			productName = Nuke;
		};
		A71A6B7F29B1186000A08976 /* NukeExtensions */ = {
			isa = XCSwiftPackageProductDependency;
			package = A71A6B7C29B1186000A08976 /* XCRemoteSwiftPackageReference "Nuke" */;
			productName = NukeExtensions;
		};
/* End XCSwiftPackageProductDependency section */
	};
	rootObject = A76B490629B116C000712046 /* Project object */;
}
